// !$*UTF8*$!
{
	archiveVersion = 1;
	classes = {
	};
	objectVersion = 56;
	objects = {

/* Begin PBXBuildFile section */
		2F5D1EC52BA61BEC00001077 /* Expense_TrackerApp.swift in Sources */ = {isa = PBXBuildFile; fileRef = 2F5D1EC42BA61BEC00001077 /* Expense_TrackerApp.swift */; };
		2F5D1EC72BA61BEC00001077 /* ContentView.swift in Sources */ = {isa = PBXBuildFile; fileRef = 2F5D1EC62BA61BEC00001077 /* ContentView.swift */; };
		2F5D1EC92BA61BED00001077 /* Assets.xcassets in Resources */ = {isa = PBXBuildFile; fileRef = 2F5D1EC82BA61BED00001077 /* Assets.xcassets */; };
		2F5D1ECC2BA61BED00001077 /* Preview Assets.xcassets in Resources */ = {isa = PBXBuildFile; fileRef = 2F5D1ECB2BA61BED00001077 /* Preview Assets.xcassets */; };
		2F5D1ECE2BA61BED00001077 /* Persistence.swift in Sources */ = {isa = PBXBuildFile; fileRef = 2F5D1ECD2BA61BED00001077 /* Persistence.swift */; };
		2F5D1ED12BA61BED00001077 /* Expense_Tracker.xcdatamodeld in Sources */ = {isa = PBXBuildFile; fileRef = 2F5D1ECF2BA61BED00001077 /* Expense_Tracker.xcdatamodeld */; };
		2F5D1EDA2BA61C5200001077 /* IntroScreen.swift in Sources */ = {isa = PBXBuildFile; fileRef = 2F5D1ED92BA61C5100001077 /* IntroScreen.swift */; };
		2F5D1EDD2BA61F2500001077 /* Constants.swift in Sources */ = {isa = PBXBuildFile; fileRef = 2F5D1EDC2BA61F2500001077 /* Constants.swift */; };
		2F5D1EDF2BA6241B00001077 /* Tab.swift in Sources */ = {isa = PBXBuildFile; fileRef = 2F5D1EDE2BA6241B00001077 /* Tab.swift */; };
		2F5D1EE12BA62A1000001077 /* Category.swift in Sources */ = {isa = PBXBuildFile; fileRef = 2F5D1EE02BA62A1000001077 /* Category.swift */; };
		2F5D1EE42BA62A7400001077 /* Transaction.swift in Sources */ = {isa = PBXBuildFile; fileRef = 2F5D1EE32BA62A7400001077 /* Transaction.swift */; };
		2F5D1EE62BA62B2D00001077 /* TintColor.swift in Sources */ = {isa = PBXBuildFile; fileRef = 2F5D1EE52BA62B2D00001077 /* TintColor.swift */; };
		2F5D1EEA2BA62CC300001077 /* Recents.swift in Sources */ = {isa = PBXBuildFile; fileRef = 2F5D1EE92BA62CC300001077 /* Recents.swift */; };
		2F5D1EEC2BA62CD000001077 /* Search.swift in Sources */ = {isa = PBXBuildFile; fileRef = 2F5D1EEB2BA62CD000001077 /* Search.swift */; };
		2F5D1EEE2BA62CE500001077 /* Graphs.swift in Sources */ = {isa = PBXBuildFile; fileRef = 2F5D1EED2BA62CE500001077 /* Graphs.swift */; };
		2F5D1EF02BA62CF500001077 /* Settings.swift in Sources */ = {isa = PBXBuildFile; fileRef = 2F5D1EEF2BA62CF500001077 /* Settings.swift */; };
		2F5D1EF22BA62FA000001077 /* View+Extensions.swift in Sources */ = {isa = PBXBuildFile; fileRef = 2F5D1EF12BA62FA000001077 /* View+Extensions.swift */; };
		2F5D1EF42BA63A3600001077 /* Date+Extensions.swift in Sources */ = {isa = PBXBuildFile; fileRef = 2F5D1EF32BA63A3600001077 /* Date+Extensions.swift */; };
		2F5D1EF72BA63D8100001077 /* CardView.swift in Sources */ = {isa = PBXBuildFile; fileRef = 2F5D1EF62BA63D8100001077 /* CardView.swift */; };
		2F5D1EF92BA6480400001077 /* TransactionCardView.swift in Sources */ = {isa = PBXBuildFile; fileRef = 2F5D1EF82BA6480400001077 /* TransactionCardView.swift */; };
		2F5D1EFB2BA64D7C00001077 /* DateFilterView.swift in Sources */ = {isa = PBXBuildFile; fileRef = 2F5D1EFA2BA64D7C00001077 /* DateFilterView.swift */; };
		2F5D1EFD2BA712DD00001077 /* NewExpenseView.swift in Sources */ = {isa = PBXBuildFile; fileRef = 2F5D1EFC2BA712DD00001077 /* NewExpenseView.swift */; };
/* End PBXBuildFile section */

/* Begin PBXFileReference section */
		2F5D1EC12BA61BEC00001077 /* Expense Tracker.app */ = {isa = PBXFileReference; explicitFileType = wrapper.application; includeInIndex = 0; path = "Expense Tracker.app"; sourceTree = BUILT_PRODUCTS_DIR; };
		2F5D1EC42BA61BEC00001077 /* Expense_TrackerApp.swift */ = {isa = PBXFileReference; lastKnownFileType = sourcecode.swift; path = Expense_TrackerApp.swift; sourceTree = "<group>"; };
		2F5D1EC62BA61BEC00001077 /* ContentView.swift */ = {isa = PBXFileReference; lastKnownFileType = sourcecode.swift; path = ContentView.swift; sourceTree = "<group>"; };
		2F5D1EC82BA61BED00001077 /* Assets.xcassets */ = {isa = PBXFileReference; lastKnownFileType = folder.assetcatalog; path = Assets.xcassets; sourceTree = "<group>"; };
		2F5D1ECB2BA61BED00001077 /* Preview Assets.xcassets */ = {isa = PBXFileReference; lastKnownFileType = folder.assetcatalog; path = "Preview Assets.xcassets"; sourceTree = "<group>"; };
		2F5D1ECD2BA61BED00001077 /* Persistence.swift */ = {isa = PBXFileReference; lastKnownFileType = sourcecode.swift; path = Persistence.swift; sourceTree = "<group>"; };
		2F5D1ED02BA61BED00001077 /* Expense_Tracker.xcdatamodel */ = {isa = PBXFileReference; lastKnownFileType = wrapper.xcdatamodel; path = Expense_Tracker.xcdatamodel; sourceTree = "<group>"; };
		2F5D1ED92BA61C5100001077 /* IntroScreen.swift */ = {isa = PBXFileReference; lastKnownFileType = sourcecode.swift; path = IntroScreen.swift; sourceTree = "<group>"; };
		2F5D1EDC2BA61F2500001077 /* Constants.swift */ = {isa = PBXFileReference; lastKnownFileType = sourcecode.swift; path = Constants.swift; sourceTree = "<group>"; };
		2F5D1EDE2BA6241B00001077 /* Tab.swift */ = {isa = PBXFileReference; lastKnownFileType = sourcecode.swift; path = Tab.swift; sourceTree = "<group>"; };
		2F5D1EE02BA62A1000001077 /* Category.swift */ = {isa = PBXFileReference; lastKnownFileType = sourcecode.swift; path = Category.swift; sourceTree = "<group>"; };
		2F5D1EE32BA62A7400001077 /* Transaction.swift */ = {isa = PBXFileReference; lastKnownFileType = sourcecode.swift; path = Transaction.swift; sourceTree = "<group>"; };
		2F5D1EE52BA62B2D00001077 /* TintColor.swift */ = {isa = PBXFileReference; lastKnownFileType = sourcecode.swift; path = TintColor.swift; sourceTree = "<group>"; };
		2F5D1EE92BA62CC300001077 /* Recents.swift */ = {isa = PBXFileReference; lastKnownFileType = sourcecode.swift; path = Recents.swift; sourceTree = "<group>"; };
		2F5D1EEB2BA62CD000001077 /* Search.swift */ = {isa = PBXFileReference; lastKnownFileType = sourcecode.swift; path = Search.swift; sourceTree = "<group>"; };
		2F5D1EED2BA62CE500001077 /* Graphs.swift */ = {isa = PBXFileReference; lastKnownFileType = sourcecode.swift; path = Graphs.swift; sourceTree = "<group>"; };
		2F5D1EEF2BA62CF500001077 /* Settings.swift */ = {isa = PBXFileReference; lastKnownFileType = sourcecode.swift; path = Settings.swift; sourceTree = "<group>"; };
		2F5D1EF12BA62FA000001077 /* View+Extensions.swift */ = {isa = PBXFileReference; lastKnownFileType = sourcecode.swift; path = "View+Extensions.swift"; sourceTree = "<group>"; };
		2F5D1EF32BA63A3600001077 /* Date+Extensions.swift */ = {isa = PBXFileReference; lastKnownFileType = sourcecode.swift; path = "Date+Extensions.swift"; sourceTree = "<group>"; };
		2F5D1EF62BA63D8100001077 /* CardView.swift */ = {isa = PBXFileReference; lastKnownFileType = sourcecode.swift; path = CardView.swift; sourceTree = "<group>"; };
		2F5D1EF82BA6480400001077 /* TransactionCardView.swift */ = {isa = PBXFileReference; lastKnownFileType = sourcecode.swift; path = TransactionCardView.swift; sourceTree = "<group>"; };
		2F5D1EFA2BA64D7C00001077 /* DateFilterView.swift */ = {isa = PBXFileReference; lastKnownFileType = sourcecode.swift; path = DateFilterView.swift; sourceTree = "<group>"; };
		2F5D1EFC2BA712DD00001077 /* NewExpenseView.swift */ = {isa = PBXFileReference; lastKnownFileType = sourcecode.swift; path = NewExpenseView.swift; sourceTree = "<group>"; };
/* End PBXFileReference section */

/* Begin PBXFrameworksBuildPhase section */
		2F5D1EBE2BA61BEC00001077 /* Frameworks */ = {
			isa = PBXFrameworksBuildPhase;
			buildActionMask = 2147483647;
			files = (
			);
			runOnlyForDeploymentPostprocessing = 0;
		};
/* End PBXFrameworksBuildPhase section */

/* Begin PBXGroup section */
		2F5D1EB82BA61BEC00001077 = {
			isa = PBXGroup;
			children = (
				2F5D1EC32BA61BEC00001077 /* Expense Tracker */,
				2F5D1EC22BA61BEC00001077 /* Products */,
			);
			sourceTree = "<group>";
		};
		2F5D1EC22BA61BEC00001077 /* Products */ = {
			isa = PBXGroup;
			children = (
				2F5D1EC12BA61BEC00001077 /* Expense Tracker.app */,
			);
			name = Products;
			sourceTree = "<group>";
		};
		2F5D1EC32BA61BEC00001077 /* Expense Tracker */ = {
			isa = PBXGroup;
			children = (
				2F5D1EDB2BA61F0600001077 /* Helpers */,
				2F5D1ED82BA61C1700001077 /* Model */,
				2F5D1ED72BA61C0600001077 /* View */,
				2F5D1EC42BA61BEC00001077 /* Expense_TrackerApp.swift */,
				2F5D1EC62BA61BEC00001077 /* ContentView.swift */,
				2F5D1EC82BA61BED00001077 /* Assets.xcassets */,
				2F5D1ECD2BA61BED00001077 /* Persistence.swift */,
				2F5D1ECF2BA61BED00001077 /* Expense_Tracker.xcdatamodeld */,
				2F5D1ECA2BA61BED00001077 /* Preview Content */,
			);
			path = "Expense Tracker";
			sourceTree = "<group>";
		};
		2F5D1ECA2BA61BED00001077 /* Preview Content */ = {
			isa = PBXGroup;
			children = (
				2F5D1ECB2BA61BED00001077 /* Preview Assets.xcassets */,
			);
			path = "Preview Content";
			sourceTree = "<group>";
		};
		2F5D1ED72BA61C0600001077 /* View */ = {
			isa = PBXGroup;
			children = (
				2F5D1EF52BA63D6E00001077 /* Helpers */,
				2F5D1EE82BA62CB400001077 /* TabViews */,
				2F5D1ED92BA61C5100001077 /* IntroScreen.swift */,
				2F5D1EFC2BA712DD00001077 /* NewExpenseView.swift */,
			);
			path = View;
			sourceTree = "<group>";
		};
		2F5D1ED82BA61C1700001077 /* Model */ = {
			isa = PBXGroup;
			children = (
				2F5D1EDE2BA6241B00001077 /* Tab.swift */,
				2F5D1EE02BA62A1000001077 /* Category.swift */,
				2F5D1EE32BA62A7400001077 /* Transaction.swift */,
				2F5D1EE52BA62B2D00001077 /* TintColor.swift */,
			);
			path = Model;
			sourceTree = "<group>";
		};
		2F5D1EDB2BA61F0600001077 /* Helpers */ = {
			isa = PBXGroup;
			children = (
				2F5D1EDC2BA61F2500001077 /* Constants.swift */,
				2F5D1EF12BA62FA000001077 /* View+Extensions.swift */,
				2F5D1EF32BA63A3600001077 /* Date+Extensions.swift */,
			);
			path = Helpers;
			sourceTree = "<group>";
		};
		2F5D1EE82BA62CB400001077 /* TabViews */ = {
			isa = PBXGroup;
			children = (
				2F5D1EE92BA62CC300001077 /* Recents.swift */,
				2F5D1EEB2BA62CD000001077 /* Search.swift */,
				2F5D1EED2BA62CE500001077 /* Graphs.swift */,
				2F5D1EEF2BA62CF500001077 /* Settings.swift */,
			);
			path = TabViews;
			sourceTree = "<group>";
		};
		2F5D1EF52BA63D6E00001077 /* Helpers */ = {
			isa = PBXGroup;
			children = (
				2F5D1EF62BA63D8100001077 /* CardView.swift */,
				2F5D1EF82BA6480400001077 /* TransactionCardView.swift */,
				2F5D1EFA2BA64D7C00001077 /* DateFilterView.swift */,
			);
			path = Helpers;
			sourceTree = "<group>";
		};
/* End PBXGroup section */

/* Begin PBXNativeTarget section */
		2F5D1EC02BA61BEC00001077 /* Expense Tracker */ = {
			isa = PBXNativeTarget;
			buildConfigurationList = 2F5D1ED42BA61BED00001077 /* Build configuration list for PBXNativeTarget "Expense Tracker" */;
			buildPhases = (
				2F5D1EBD2BA61BEC00001077 /* Sources */,
				2F5D1EBE2BA61BEC00001077 /* Frameworks */,
				2F5D1EBF2BA61BEC00001077 /* Resources */,
			);
			buildRules = (
			);
			dependencies = (
			);
			name = "Expense Tracker";
			productName = "Expense Tracker";
			productReference = 2F5D1EC12BA61BEC00001077 /* Expense Tracker.app */;
			productType = "com.apple.product-type.application";
		};
/* End PBXNativeTarget section */

/* Begin PBXProject section */
		2F5D1EB92BA61BEC00001077 /* Project object */ = {
			isa = PBXProject;
			attributes = {
				BuildIndependentTargetsInParallel = 1;
				LastSwiftUpdateCheck = 1520;
				LastUpgradeCheck = 1520;
				TargetAttributes = {
					2F5D1EC02BA61BEC00001077 = {
						CreatedOnToolsVersion = 15.2;
					};
				};
			};
			buildConfigurationList = 2F5D1EBC2BA61BEC00001077 /* Build configuration list for PBXProject "Expense Tracker" */;
			compatibilityVersion = "Xcode 14.0";
			developmentRegion = en;
			hasScannedForEncodings = 0;
			knownRegions = (
				en,
				Base,
			);
			mainGroup = 2F5D1EB82BA61BEC00001077;
			productRefGroup = 2F5D1EC22BA61BEC00001077 /* Products */;
			projectDirPath = "";
			projectRoot = "";
			targets = (
				2F5D1EC02BA61BEC00001077 /* Expense Tracker */,
			);
		};
/* End PBXProject section */

/* Begin PBXResourcesBuildPhase section */
		2F5D1EBF2BA61BEC00001077 /* Resources */ = {
			isa = PBXResourcesBuildPhase;
			buildActionMask = 2147483647;
			files = (
				2F5D1ECC2BA61BED00001077 /* Preview Assets.xcassets in Resources */,
				2F5D1EC92BA61BED00001077 /* Assets.xcassets in Resources */,
			);
			runOnlyForDeploymentPostprocessing = 0;
		};
/* End PBXResourcesBuildPhase section */

/* Begin PBXSourcesBuildPhase section */
		2F5D1EBD2BA61BEC00001077 /* Sources */ = {
			isa = PBXSourcesBuildPhase;
			buildActionMask = 2147483647;
			files = (
				2F5D1EDA2BA61C5200001077 /* IntroScreen.swift in Sources */,
				2F5D1ECE2BA61BED00001077 /* Persistence.swift in Sources */,
				2F5D1EC72BA61BEC00001077 /* ContentView.swift in Sources */,
				2F5D1EC52BA61BEC00001077 /* Expense_TrackerApp.swift in Sources */,
				2F5D1EF02BA62CF500001077 /* Settings.swift in Sources */,
				2F5D1EF92BA6480400001077 /* TransactionCardView.swift in Sources */,
				2F5D1ED12BA61BED00001077 /* Expense_Tracker.xcdatamodeld in Sources */,
				2F5D1EFB2BA64D7C00001077 /* DateFilterView.swift in Sources */,
				2F5D1EFD2BA712DD00001077 /* NewExpenseView.swift in Sources */,
				2F5D1EDD2BA61F2500001077 /* Constants.swift in Sources */,
				2F5D1EDF2BA6241B00001077 /* Tab.swift in Sources */,
				2F5D1EE12BA62A1000001077 /* Category.swift in Sources */,
				2F5D1EF42BA63A3600001077 /* Date+Extensions.swift in Sources */,
				2F5D1EE62BA62B2D00001077 /* TintColor.swift in Sources */,
				2F5D1EEC2BA62CD000001077 /* Search.swift in Sources */,
				2F5D1EEA2BA62CC300001077 /* Recents.swift in Sources */,
				2F5D1EE42BA62A7400001077 /* Transaction.swift in Sources */,
				2F5D1EF22BA62FA000001077 /* View+Extensions.swift in Sources */,
				2F5D1EF72BA63D8100001077 /* CardView.swift in Sources */,
				2F5D1EEE2BA62CE500001077 /* Graphs.swift in Sources */,
			);
			runOnlyForDeploymentPostprocessing = 0;
		};
/* End PBXSourcesBuildPhase section */

/* Begin XCBuildConfiguration section */
		2F5D1ED22BA61BED00001077 /* Debug */ = {
			isa = XCBuildConfiguration;
			buildSettings = {
				ALWAYS_SEARCH_USER_PATHS = NO;
				ASSETCATALOG_COMPILER_GENERATE_SWIFT_ASSET_SYMBOL_EXTENSIONS = YES;
				CLANG_ANALYZER_NONNULL = YES;
				CLANG_ANALYZER_NUMBER_OBJECT_CONVERSION = YES_AGGRESSIVE;
				CLANG_CXX_LANGUAGE_STANDARD = "gnu++20";
				CLANG_ENABLE_MODULES = YES;
				CLANG_ENABLE_OBJC_ARC = YES;
				CLANG_ENABLE_OBJC_WEAK = YES;
				CLANG_WARN_BLOCK_CAPTURE_AUTORELEASING = YES;
				CLANG_WARN_BOOL_CONVERSION = YES;
				CLANG_WARN_COMMA = YES;
				CLANG_WARN_CONSTANT_CONVERSION = YES;
				CLANG_WARN_DEPRECATED_OBJC_IMPLEMENTATIONS = YES;
				CLANG_WARN_DIRECT_OBJC_ISA_USAGE = YES_ERROR;
				CLANG_WARN_DOCUMENTATION_COMMENTS = YES;
				CLANG_WARN_EMPTY_BODY = YES;
				CLANG_WARN_ENUM_CONVERSION = YES;
				CLANG_WARN_INFINITE_RECURSION = YES;
				CLANG_WARN_INT_CONVERSION = YES;
				CLANG_WARN_NON_LITERAL_NULL_CONVERSION = YES;
				CLANG_WARN_OBJC_IMPLICIT_RETAIN_SELF = YES;
				CLANG_WARN_OBJC_LITERAL_CONVERSION = YES;
				CLANG_WARN_OBJC_ROOT_CLASS = YES_ERROR;
				CLANG_WARN_QUOTED_INCLUDE_IN_FRAMEWORK_HEADER = YES;
				CLANG_WARN_RANGE_LOOP_ANALYSIS = YES;
				CLANG_WARN_STRICT_PROTOTYPES = YES;
				CLANG_WARN_SUSPICIOUS_MOVE = YES;
				CLANG_WARN_UNGUARDED_AVAILABILITY = YES_AGGRESSIVE;
				CLANG_WARN_UNREACHABLE_CODE = YES;
				CLANG_WARN__DUPLICATE_METHOD_MATCH = YES;
				COPY_PHASE_STRIP = NO;
				DEBUG_INFORMATION_FORMAT = dwarf;
				ENABLE_STRICT_OBJC_MSGSEND = YES;
				ENABLE_TESTABILITY = YES;
				ENABLE_USER_SCRIPT_SANDBOXING = YES;
				GCC_C_LANGUAGE_STANDARD = gnu17;
				GCC_DYNAMIC_NO_PIC = NO;
				GCC_NO_COMMON_BLOCKS = YES;
				GCC_OPTIMIZATION_LEVEL = 0;
				GCC_PREPROCESSOR_DEFINITIONS = (
					"DEBUG=1",
					"$(inherited)",
				);
				GCC_WARN_64_TO_32_BIT_CONVERSION = YES;
				GCC_WARN_ABOUT_RETURN_TYPE = YES_ERROR;
				GCC_WARN_UNDECLARED_SELECTOR = YES;
				GCC_WARN_UNINITIALIZED_AUTOS = YES_AGGRESSIVE;
				GCC_WARN_UNUSED_FUNCTION = YES;
				GCC_WARN_UNUSED_VARIABLE = YES;
				IPHONEOS_DEPLOYMENT_TARGET = 17.2;
				LOCALIZATION_PREFERS_STRING_CATALOGS = YES;
				MTL_ENABLE_DEBUG_INFO = INCLUDE_SOURCE;
				MTL_FAST_MATH = YES;
				ONLY_ACTIVE_ARCH = YES;
				SDKROOT = iphoneos;
				SWIFT_ACTIVE_COMPILATION_CONDITIONS = "DEBUG $(inherited)";
				SWIFT_OPTIMIZATION_LEVEL = "-Onone";
			};
			name = Debug;
		};
		2F5D1ED32BA61BED00001077 /* Release */ = {
			isa = XCBuildConfiguration;
			buildSettings = {
				ALWAYS_SEARCH_USER_PATHS = NO;
				ASSETCATALOG_COMPILER_GENERATE_SWIFT_ASSET_SYMBOL_EXTENSIONS = YES;
				CLANG_ANALYZER_NONNULL = YES;
				CLANG_ANALYZER_NUMBER_OBJECT_CONVERSION = YES_AGGRESSIVE;
				CLANG_CXX_LANGUAGE_STANDARD = "gnu++20";
				CLANG_ENABLE_MODULES = YES;
				CLANG_ENABLE_OBJC_ARC = YES;
				CLANG_ENABLE_OBJC_WEAK = YES;
				CLANG_WARN_BLOCK_CAPTURE_AUTORELEASING = YES;
				CLANG_WARN_BOOL_CONVERSION = YES;
				CLANG_WARN_COMMA = YES;
				CLANG_WARN_CONSTANT_CONVERSION = YES;
				CLANG_WARN_DEPRECATED_OBJC_IMPLEMENTATIONS = YES;
				CLANG_WARN_DIRECT_OBJC_ISA_USAGE = YES_ERROR;
				CLANG_WARN_DOCUMENTATION_COMMENTS = YES;
				CLANG_WARN_EMPTY_BODY = YES;
				CLANG_WARN_ENUM_CONVERSION = YES;
				CLANG_WARN_INFINITE_RECURSION = YES;
				CLANG_WARN_INT_CONVERSION = YES;
				CLANG_WARN_NON_LITERAL_NULL_CONVERSION = YES;
				CLANG_WARN_OBJC_IMPLICIT_RETAIN_SELF = YES;
				CLANG_WARN_OBJC_LITERAL_CONVERSION = YES;
				CLANG_WARN_OBJC_ROOT_CLASS = YES_ERROR;
				CLANG_WARN_QUOTED_INCLUDE_IN_FRAMEWORK_HEADER = YES;
				CLANG_WARN_RANGE_LOOP_ANALYSIS = YES;
				CLANG_WARN_STRICT_PROTOTYPES = YES;
				CLANG_WARN_SUSPICIOUS_MOVE = YES;
				CLANG_WARN_UNGUARDED_AVAILABILITY = YES_AGGRESSIVE;
				CLANG_WARN_UNREACHABLE_CODE = YES;
				CLANG_WARN__DUPLICATE_METHOD_MATCH = YES;
				COPY_PHASE_STRIP = NO;
				DEBUG_INFORMATION_FORMAT = "dwarf-with-dsym";
				ENABLE_NS_ASSERTIONS = NO;
				ENABLE_STRICT_OBJC_MSGSEND = YES;
				ENABLE_USER_SCRIPT_SANDBOXING = YES;
				GCC_C_LANGUAGE_STANDARD = gnu17;
				GCC_NO_COMMON_BLOCKS = YES;
				GCC_WARN_64_TO_32_BIT_CONVERSION = YES;
				GCC_WARN_ABOUT_RETURN_TYPE = YES_ERROR;
				GCC_WARN_UNDECLARED_SELECTOR = YES;
				GCC_WARN_UNINITIALIZED_AUTOS = YES_AGGRESSIVE;
				GCC_WARN_UNUSED_FUNCTION = YES;
				GCC_WARN_UNUSED_VARIABLE = YES;
				IPHONEOS_DEPLOYMENT_TARGET = 17.2;
				LOCALIZATION_PREFERS_STRING_CATALOGS = YES;
				MTL_ENABLE_DEBUG_INFO = NO;
				MTL_FAST_MATH = YES;
				SDKROOT = iphoneos;
				SWIFT_COMPILATION_MODE = wholemodule;
				VALIDATE_PRODUCT = YES;
			};
			name = Release;
		};
		2F5D1ED52BA61BED00001077 /* Debug */ = {
			isa = XCBuildConfiguration;
			buildSettings = {
				ASSETCATALOG_COMPILER_APPICON_NAME = AppIcon;
				ASSETCATALOG_COMPILER_GLOBAL_ACCENT_COLOR_NAME = AccentColor;
				CODE_SIGN_STYLE = Automatic;
				CURRENT_PROJECT_VERSION = 1;
				DEVELOPMENT_ASSET_PATHS = "\"Expense Tracker/Preview Content\"";
				ENABLE_PREVIEWS = YES;
				GENERATE_INFOPLIST_FILE = YES;
				INFOPLIST_KEY_UIApplicationSceneManifest_Generation = YES;
				INFOPLIST_KEY_UIApplicationSupportsIndirectInputEvents = YES;
				INFOPLIST_KEY_UILaunchScreen_Generation = YES;
				INFOPLIST_KEY_UISupportedInterfaceOrientations_iPad = "UIInterfaceOrientationPortrait UIInterfaceOrientationPortraitUpsideDown UIInterfaceOrientationLandscapeLeft UIInterfaceOrientationLandscapeRight";
				INFOPLIST_KEY_UISupportedInterfaceOrientations_iPhone = "UIInterfaceOrientationPortrait UIInterfaceOrientationLandscapeLeft UIInterfaceOrientationLandscapeRight";
				LD_RUNPATH_SEARCH_PATHS = (
					"$(inherited)",
					"@executable_path/Frameworks",
				);
				MARKETING_VERSION = 1.0;
				PRODUCT_BUNDLE_IDENTIFIER = "com.yasingulsuyu.Expense-Tracker";
				PRODUCT_NAME = "$(TARGET_NAME)";
				SWIFT_EMIT_LOC_STRINGS = YES;
				SWIFT_VERSION = 5.0;
				TARGETED_DEVICE_FAMILY = "1,2";
			};
			name = Debug;
		};
		2F5D1ED62BA61BED00001077 /* Release */ = {
			isa = XCBuildConfiguration;
			buildSettings = {
				ASSETCATALOG_COMPILER_APPICON_NAME = AppIcon;
				ASSETCATALOG_COMPILER_GLOBAL_ACCENT_COLOR_NAME = AccentColor;
				CODE_SIGN_STYLE = Automatic;
				CURRENT_PROJECT_VERSION = 1;
				DEVELOPMENT_ASSET_PATHS = "\"Expense Tracker/Preview Content\"";
				ENABLE_PREVIEWS = YES;
				GENERATE_INFOPLIST_FILE = YES;
				INFOPLIST_KEY_UIApplicationSceneManifest_Generation = YES;
				INFOPLIST_KEY_UIApplicationSupportsIndirectInputEvents = YES;
				INFOPLIST_KEY_UILaunchScreen_Generation = YES;
				INFOPLIST_KEY_UISupportedInterfaceOrientations_iPad = "UIInterfaceOrientationPortrait UIInterfaceOrientationPortraitUpsideDown UIInterfaceOrientationLandscapeLeft UIInterfaceOrientationLandscapeRight";
				INFOPLIST_KEY_UISupportedInterfaceOrientations_iPhone = "UIInterfaceOrientationPortrait UIInterfaceOrientationLandscapeLeft UIInterfaceOrientationLandscapeRight";
				LD_RUNPATH_SEARCH_PATHS = (
					"$(inherited)",
					"@executable_path/Frameworks",
				);
				MARKETING_VERSION = 1.0;
				PRODUCT_BUNDLE_IDENTIFIER = "com.yasingulsuyu.Expense-Tracker";
				PRODUCT_NAME = "$(TARGET_NAME)";
				SWIFT_EMIT_LOC_STRINGS = YES;
				SWIFT_VERSION = 5.0;
				TARGETED_DEVICE_FAMILY = "1,2";
			};
			name = Release;
		};
/* End XCBuildConfiguration section */

/* Begin XCConfigurationList section */
		2F5D1EBC2BA61BEC00001077 /* Build configuration list for PBXProject "Expense Tracker" */ = {
			isa = XCConfigurationList;
			buildConfigurations = (
				2F5D1ED22BA61BED00001077 /* Debug */,
				2F5D1ED32BA61BED00001077 /* Release */,
			);
			defaultConfigurationIsVisible = 0;
			defaultConfigurationName = Release;
		};
		2F5D1ED42BA61BED00001077 /* Build configuration list for PBXNativeTarget "Expense Tracker" */ = {
			isa = XCConfigurationList;
			buildConfigurations = (
				2F5D1ED52BA61BED00001077 /* Debug */,
				2F5D1ED62BA61BED00001077 /* Release */,
			);
			defaultConfigurationIsVisible = 0;
			defaultConfigurationName = Release;
		};
/* End XCConfigurationList section */

/* Begin XCVersionGroup section */
		2F5D1ECF2BA61BED00001077 /* Expense_Tracker.xcdatamodeld */ = {
			isa = XCVersionGroup;
			children = (
				2F5D1ED02BA61BED00001077 /* Expense_Tracker.xcdatamodel */,
			);
			currentVersion = 2F5D1ED02BA61BED00001077 /* Expense_Tracker.xcdatamodel */;
			path = Expense_Tracker.xcdatamodeld;
			sourceTree = "<group>";
			versionGroupType = wrapper.xcdatamodel;
		};
/* End XCVersionGroup section */
	};
	rootObject = 2F5D1EB92BA61BEC00001077 /* Project object */;
}
